{
    "_readme": [
        "This file locks the dependencies of your project to a known state",
        "Read more about it at https://getcomposer.org/doc/01-basic-usage.md#composer-lock-the-lock-file",
        "This file is @generated automatically"
    ],
    "hash": "3be9e3f9b5f0db2282cf4985a700d7ad",
    "content-hash": "5d1efc6a34aac87078379d5e114a1b75",
    "packages": [
        {
            "name": "messagebird/php-rest-api",
            "version": "v1.12.0-beta",
            "source": {
                "type": "git",
                "url": "https://github.com/messagebird/php-rest-api.git",
                "reference": "bdd21753cfe79be0dbca60e554acc1b30e443272"
            },
            "dist": {
                "type": "zip",
                "url": "https://api.github.com/repos/messagebird/php-rest-api/zipball/bdd21753cfe79be0dbca60e554acc1b30e443272",
                "reference": "bdd21753cfe79be0dbca60e554acc1b30e443272",
                "shasum": ""
            },
            "require": {
                "ext-curl": "*",
                "php": ">=5.3.0"
            },
            "require-dev": {
                "phpunit/phpunit": "4.7.*"
            },
            "type": "library",
            "autoload": {
                "psr-4": {
                    "MessageBird\\": "src/MessageBird/"
                }
            },
            "notification-url": "https://packagist.org/downloads/",
            "license": [
                "BSD-2-Clause"
            ],
            "authors": [
                {
                    "name": "MessageBird",
                    "email": "info@messagebird.com"
                }
            ],
            "description": "MessageBird REST API client for PHP",
            "homepage": "https://github.com/messagebird/php-rest-api",
            "time": "2018-08-10 08:04:28"
        }
    ],
    "packages-dev": [],
    "aliases": [],
    "minimum-stability": "stable",
    "stability-flags": {
        "messagebird/php-rest-api": 10
    },
    "prefer-stable": false,
    "prefer-lowest": false,
    "platform": [],
    "platform-dev": []
}
